
Microsoft Visual Studio Solution File, Format Version 12.00
# Visual Studio Version 17
VisualStudioVersion = 17.3.32804.467
MinimumVisualStudioVersion = 10.0.40219.1
Project("{FAE04EC0-301F-11D3-BF4B-00C04F79EFBC}") = "Algorithm.FileReceiver", "Algorithm.FileReceiver\Algorithm.FileReceiver.csproj", "{FEFE8E97-5CE5-463E-B6CA-D4E8572F597D}"
EndProject
Global
	GlobalSection(SolutionConfigurationPlatforms) = preSolution
		Debug|Any CPU = Debug|Any CPU
		Release|Any CPU = Release|Any CPU
	EndGlobalSection
	GlobalSection(ProjectConfigurationPlatforms) = postSolution
		{FEFE8E97-5CE5-463E-B6CA-D4E8572F597D}.Debug|Any CPU.ActiveCfg = Debug|Any CPU
		{FEFE8E97-5CE5-463E-B6CA-D4E8572F597D}.Debug|Any CPU.Build.0 = Debug|Any CPU
		{FEFE8E97-5CE5-463E-B6CA-D4E8572F597D}.Release|Any CPU.ActiveCfg = Release|Any CPU
		{FEFE8E97-5CE5-463E-B6CA-D4E8572F597D}.Release|Any CPU.Build.0 = Release|Any CPU
	EndGlobalSection
	GlobalSection(SolutionProperties) = preSolution
		HideSolutionNode = FALSE
	EndGlobalSection
	GlobalSection(ExtensibilityGlobals) = postSolution
		SolutionGuid = {04612B08-94E8-4D93-8C86-549CD96B1E25}
	EndGlobalSection
EndGlobal
